
Microsoft Visual Studio Solution File, Format Version 12.00
# Visual Studio Version 17
VisualStudioVersion = 17.8.34316.72
MinimumVisualStudioVersion = 10.0.40219.1
Project("{FAE04EC0-301F-11D3-BF4B-00C04F79EFBC}") = "ReptileHusbandryConsole", "ReptileHusbandryConsole\ReptileHusbandryConsole.csproj", "{37BC68AB-E537-4252-BA34-4B15C96C13AD}"
EndProject
Project("{FAE04EC0-301F-11D3-BF4B-00C04F79EFBC}") = "ReptileHusbandryDomain", "ReptileHusbandryDomain\ReptileHusbandryDomain.csproj", "{0BBA849F-3376-4E38-AAC3-613200C19CD7}"
EndProject
Project("{FAE04EC0-301F-11D3-BF4B-00C04F79EFBC}") = "ReptileHusbandryData", "ReptileHusbandryData\ReptileHusbandryData.csproj", "{C4E58A0E-0D30-4757-9C4A-D53E938618FE}"
EndProject
Global
	GlobalSection(SolutionConfigurationPlatforms) = preSolution
		Debug|Any CPU = Debug|Any CPU
		Release|Any CPU = Release|Any CPU
	EndGlobalSection
	GlobalSection(ProjectConfigurationPlatforms) = postSolution
		{37BC68AB-E537-4252-BA34-4B15C96C13AD}.Debug|Any CPU.ActiveCfg = Debug|Any CPU
		{37BC68AB-E537-4252-BA34-4B15C96C13AD}.Debug|Any CPU.Build.0 = Debug|Any CPU
		{37BC68AB-E537-4252-BA34-4B15C96C13AD}.Release|Any CPU.ActiveCfg = Release|Any CPU
		{37BC68AB-E537-4252-BA34-4B15C96C13AD}.Release|Any CPU.Build.0 = Release|Any CPU
		{0BBA849F-3376-4E38-AAC3-613200C19CD7}.Debug|Any CPU.ActiveCfg = Debug|Any CPU
		{0BBA849F-3376-4E38-AAC3-613200C19CD7}.Debug|Any CPU.Build.0 = Debug|Any CPU
		{0BBA849F-3376-4E38-AAC3-613200C19CD7}.Release|Any CPU.ActiveCfg = Release|Any CPU
		{0BBA849F-3376-4E38-AAC3-613200C19CD7}.Release|Any CPU.Build.0 = Release|Any CPU
		{C4E58A0E-0D30-4757-9C4A-D53E938618FE}.Debug|Any CPU.ActiveCfg = Debug|Any CPU
		{C4E58A0E-0D30-4757-9C4A-D53E938618FE}.Debug|Any CPU.Build.0 = Debug|Any CPU
		{C4E58A0E-0D30-4757-9C4A-D53E938618FE}.Release|Any CPU.ActiveCfg = Release|Any CPU
		{C4E58A0E-0D30-4757-9C4A-D53E938618FE}.Release|Any CPU.Build.0 = Release|Any CPU
	EndGlobalSection
	GlobalSection(SolutionProperties) = preSolution
		HideSolutionNode = FALSE
	EndGlobalSection
	GlobalSection(ExtensibilityGlobals) = postSolution
		SolutionGuid = {4BBD772F-5A75-4EF9-AABB-F9021F0D3446}
	EndGlobalSection
EndGlobal
